// !$*UTF8*$!
{
	archiveVersion = 1;
	classes = {
	};
	objectVersion = 77;
	objects = {

/* Begin PBXBuildFile section */
		1443CC972D1B11AE00AA2026 /* SnapKit in Frameworks */ = {isa = PBXBuildFile; productRef = 1443CC962D1B11AE00AA2026 /* SnapKit */; };
		1443CC992D1BA15100AA2026 /* Kingfisher in Frameworks */ = {isa = PBXBuildFile; productRef = 1443CC982D1BA15100AA2026 /* Kingfisher */; };
/* End PBXBuildFile section */

/* Begin PBXContainerItemProxy section */
		1435745F2D12CA53000BAA7C /* PBXContainerItemProxy */ = {
			isa = PBXContainerItemProxy;
			containerPortal = 143574402D12CA51000BAA7C /* Project object */;
			proxyType = 1;
			remoteGlobalIDString = 143574472D12CA51000BAA7C;
			remoteInfo = demoOfArcBlock;
		};
		143574692D12CA53000BAA7C /* PBXContainerItemProxy */ = {
			isa = PBXContainerItemProxy;
			containerPortal = 143574402D12CA51000BAA7C /* Project object */;
			proxyType = 1;
			remoteGlobalIDString = 143574472D12CA51000BAA7C;
			remoteInfo = demoOfArcBlock;
		};
/* End PBXContainerItemProxy section */

/* Begin PBXFileReference section */
		143574482D12CA51000BAA7C /* demoOfArcBlock.app */ = {isa = PBXFileReference; explicitFileType = wrapper.application; includeInIndex = 0; path = demoOfArcBlock.app; sourceTree = BUILT_PRODUCTS_DIR; };
		1435745E2D12CA53000BAA7C /* demoOfArcBlockTests.xctest */ = {isa = PBXFileReference; explicitFileType = wrapper.cfbundle; includeInIndex = 0; path = demoOfArcBlockTests.xctest; sourceTree = BUILT_PRODUCTS_DIR; };
		143574682D12CA53000BAA7C /* demoOfArcBlockUITests.xctest */ = {isa = PBXFileReference; explicitFileType = wrapper.cfbundle; includeInIndex = 0; path = demoOfArcBlockUITests.xctest; sourceTree = BUILT_PRODUCTS_DIR; };
/* End PBXFileReference section */

/* Begin PBXFileSystemSynchronizedBuildFileExceptionSet section */
		143574702D12CA53000BAA7C /* Exceptions for "demoOfArcBlock" folder in "demoOfArcBlock" target */ = {
			isa = PBXFileSystemSynchronizedBuildFileExceptionSet;
			membershipExceptions = (
				Info.plist,
			);
			target = 143574472D12CA51000BAA7C /* demoOfArcBlock */;
		};
/* End PBXFileSystemSynchronizedBuildFileExceptionSet section */

/* Begin PBXFileSystemSynchronizedRootGroup section */
		1435744A2D12CA51000BAA7C /* demoOfArcBlock */ = {
			isa = PBXFileSystemSynchronizedRootGroup;
			exceptions = (
				143574702D12CA53000BAA7C /* Exceptions for "demoOfArcBlock" folder in "demoOfArcBlock" target */,
			);
			path = demoOfArcBlock;
			sourceTree = "<group>";
		};
		143574612D12CA53000BAA7C /* demoOfArcBlockTests */ = {
			isa = PBXFileSystemSynchronizedRootGroup;
			path = demoOfArcBlockTests;
			sourceTree = "<group>";
		};
		1435746B2D12CA53000BAA7C /* demoOfArcBlockUITests */ = {
			isa = PBXFileSystemSynchronizedRootGroup;
			path = demoOfArcBlockUITests;
			sourceTree = "<group>";
		};
/* End PBXFileSystemSynchronizedRootGroup section */

/* Begin PBXFrameworksBuildPhase section */
		143574452D12CA51000BAA7C /* Frameworks */ = {
			isa = PBXFrameworksBuildPhase;
			buildActionMask = 2147483647;
			files = (
				1443CC992D1BA15100AA2026 /* Kingfisher in Frameworks */,
				1443CC972D1B11AE00AA2026 /* SnapKit in Frameworks */,
			);
			runOnlyForDeploymentPostprocessing = 0;
		};
		1435745B2D12CA53000BAA7C /* Frameworks */ = {
			isa = PBXFrameworksBuildPhase;
			buildActionMask = 2147483647;
			files = (
			);
			runOnlyForDeploymentPostprocessing = 0;
		};
		143574652D12CA53000BAA7C /* Frameworks */ = {
			isa = PBXFrameworksBuildPhase;
			buildActionMask = 2147483647;
			files = (
			);
			runOnlyForDeploymentPostprocessing = 0;
		};
/* End PBXFrameworksBuildPhase section */

/* Begin PBXGroup section */
		1435743F2D12CA51000BAA7C = {
			isa = PBXGroup;
			children = (
				1435744A2D12CA51000BAA7C /* demoOfArcBlock */,
				143574612D12CA53000BAA7C /* demoOfArcBlockTests */,
				1435746B2D12CA53000BAA7C /* demoOfArcBlockUITests */,
				143574492D12CA51000BAA7C /* Products */,
			);
			sourceTree = "<group>";
		};
		143574492D12CA51000BAA7C /* Products */ = {
			isa = PBXGroup;
			children = (
				143574482D12CA51000BAA7C /* demoOfArcBlock.app */,
				1435745E2D12CA53000BAA7C /* demoOfArcBlockTests.xctest */,
				143574682D12CA53000BAA7C /* demoOfArcBlockUITests.xctest */,
			);
			name = Products;
			sourceTree = "<group>";
		};
/* End PBXGroup section */

/* Begin PBXNativeTarget section */
		143574472D12CA51000BAA7C /* demoOfArcBlock */ = {
			isa = PBXNativeTarget;
			buildConfigurationList = 143574712D12CA53000BAA7C /* Build configuration list for PBXNativeTarget "demoOfArcBlock" */;
			buildPhases = (
				143574442D12CA51000BAA7C /* Sources */,
				143574452D12CA51000BAA7C /* Frameworks */,
				143574462D12CA51000BAA7C /* Resources */,
			);
			buildRules = (
			);
			dependencies = (
			);
			fileSystemSynchronizedGroups = (
				1435744A2D12CA51000BAA7C /* demoOfArcBlock */,
			);
			name = demoOfArcBlock;
			packageProductDependencies = (
				1443CC962D1B11AE00AA2026 /* SnapKit */,
				1443CC982D1BA15100AA2026 /* Kingfisher */,
			);
			productName = demoOfArcBlock;
			productReference = 143574482D12CA51000BAA7C /* demoOfArcBlock.app */;
			productType = "com.apple.product-type.application";
		};
		1435745D2D12CA53000BAA7C /* demoOfArcBlockTests */ = {
			isa = PBXNativeTarget;
			buildConfigurationList = 143574762D12CA53000BAA7C /* Build configuration list for PBXNativeTarget "demoOfArcBlockTests" */;
			buildPhases = (
				1435745A2D12CA53000BAA7C /* Sources */,
				1435745B2D12CA53000BAA7C /* Frameworks */,
				1435745C2D12CA53000BAA7C /* Resources */,
			);
			buildRules = (
			);
			dependencies = (
				143574602D12CA53000BAA7C /* PBXTargetDependency */,
			);
			fileSystemSynchronizedGroups = (
				143574612D12CA53000BAA7C /* demoOfArcBlockTests */,
			);
			name = demoOfArcBlockTests;
			packageProductDependencies = (
			);
			productName = demoOfArcBlockTests;
			productReference = 1435745E2D12CA53000BAA7C /* demoOfArcBlockTests.xctest */;
			productType = "com.apple.product-type.bundle.unit-test";
		};
		143574672D12CA53000BAA7C /* demoOfArcBlockUITests */ = {
			isa = PBXNativeTarget;
			buildConfigurationList = 143574792D12CA53000BAA7C /* Build configuration list for PBXNativeTarget "demoOfArcBlockUITests" */;
			buildPhases = (
				143574642D12CA53000BAA7C /* Sources */,
				143574652D12CA53000BAA7C /* Frameworks */,
				143574662D12CA53000BAA7C /* Resources */,
			);
			buildRules = (
			);
			dependencies = (
				1435746A2D12CA53000BAA7C /* PBXTargetDependency */,
			);
			fileSystemSynchronizedGroups = (
				1435746B2D12CA53000BAA7C /* demoOfArcBlockUITests */,
			);
			name = demoOfArcBlockUITests;
			packageProductDependencies = (
			);
			productName = demoOfArcBlockUITests;
			productReference = 143574682D12CA53000BAA7C /* demoOfArcBlockUITests.xctest */;
			productType = "com.apple.product-type.bundle.ui-testing";
		};
/* End PBXNativeTarget section */

/* Begin PBXProject section */
		143574402D12CA51000BAA7C /* Project object */ = {
			isa = PBXProject;
			attributes = {
				BuildIndependentTargetsInParallel = 1;
				LastSwiftUpdateCheck = 1610;
				LastUpgradeCheck = 1610;
				TargetAttributes = {
					143574472D12CA51000BAA7C = {
						CreatedOnToolsVersion = 16.1;
					};
					1435745D2D12CA53000BAA7C = {
						CreatedOnToolsVersion = 16.1;
						TestTargetID = 143574472D12CA51000BAA7C;
					};
					143574672D12CA53000BAA7C = {
						CreatedOnToolsVersion = 16.1;
						TestTargetID = 143574472D12CA51000BAA7C;
					};
				};
			};
			buildConfigurationList = 143574432D12CA51000BAA7C /* Build configuration list for PBXProject "demoOfArcBlock" */;
			developmentRegion = en;
			hasScannedForEncodings = 0;
			knownRegions = (
				en,
				Base,
			);
			mainGroup = 1435743F2D12CA51000BAA7C;
			minimizedProjectReferenceProxies = 1;
			packageReferences = (
				14A7EA1A2D1A5D0500FFD3B8 /* XCRemoteSwiftPackageReference "Kingfisher" */,
				1443CC952D1B11AE00AA2026 /* XCRemoteSwiftPackageReference "SnapKit" */,
			);
			preferredProjectObjectVersion = 77;
			productRefGroup = 143574492D12CA51000BAA7C /* Products */;
			projectDirPath = "";
			projectRoot = "";
			targets = (
				143574472D12CA51000BAA7C /* demoOfArcBlock */,
				1435745D2D12CA53000BAA7C /* demoOfArcBlockTests */,
				143574672D12CA53000BAA7C /* demoOfArcBlockUITests */,
			);
		};
/* End PBXProject section */

/* Begin PBXResourcesBuildPhase section */
		143574462D12CA51000BAA7C /* Resources */ = {
			isa = PBXResourcesBuildPhase;
			buildActionMask = 2147483647;
			files = (
			);
			runOnlyForDeploymentPostprocessing = 0;
		};
		1435745C2D12CA53000BAA7C /* Resources */ = {
			isa = PBXResourcesBuildPhase;
			buildActionMask = 2147483647;
			files = (
			);
			runOnlyForDeploymentPostprocessing = 0;
		};
		143574662D12CA53000BAA7C /* Resources */ = {
			isa = PBXResourcesBuildPhase;
			buildActionMask = 2147483647;
			files = (
			);
			runOnlyForDeploymentPostprocessing = 0;
		};
/* End PBXResourcesBuildPhase section */

/* Begin PBXSourcesBuildPhase section */
		143574442D12CA51000BAA7C /* Sources */ = {
			isa = PBXSourcesBuildPhase;
			buildActionMask = 2147483647;
			files = (
			);
			runOnlyForDeploymentPostprocessing = 0;
		};
		1435745A2D12CA53000BAA7C /* Sources */ = {
			isa = PBXSourcesBuildPhase;
			buildActionMask = 2147483647;
			files = (
			);
			runOnlyForDeploymentPostprocessing = 0;
		};
		143574642D12CA53000BAA7C /* Sources */ = {
			isa = PBXSourcesBuildPhase;
			buildActionMask = 2147483647;
			files = (
			);
			runOnlyForDeploymentPostprocessing = 0;
		};
/* End PBXSourcesBuildPhase section */

/* Begin PBXTargetDependency section */
		143574602D12CA53000BAA7C /* PBXTargetDependency */ = {
			isa = PBXTargetDependency;
			target = 143574472D12CA51000BAA7C /* demoOfArcBlock */;
			targetProxy = 1435745F2D12CA53000BAA7C /* PBXContainerItemProxy */;
		};
		1435746A2D12CA53000BAA7C /* PBXTargetDependency */ = {
			isa = PBXTargetDependency;
			target = 143574472D12CA51000BAA7C /* demoOfArcBlock */;
			targetProxy = 143574692D12CA53000BAA7C /* PBXContainerItemProxy */;
		};
/* End PBXTargetDependency section */

/* Begin XCBuildConfiguration section */
		143574722D12CA53000BAA7C /* Debug */ = {
			isa = XCBuildConfiguration;
			buildSettings = {
				ASSETCATALOG_COMPILER_APPICON_NAME = AppIcon;
				ASSETCATALOG_COMPILER_GLOBAL_ACCENT_COLOR_NAME = AccentColor;
				CODE_SIGN_STYLE = Automatic;
				CURRENT_PROJECT_VERSION = 1;
				GENERATE_INFOPLIST_FILE = YES;
				INFOPLIST_FILE = demoOfArcBlock/Info.plist;
				INFOPLIST_KEY_UIApplicationSupportsIndirectInputEvents = YES;
				INFOPLIST_KEY_UILaunchStoryboardName = LaunchScreen;
				INFOPLIST_KEY_UIMainStoryboardFile = Main;
				INFOPLIST_KEY_UISupportedInterfaceOrientations_iPad = "UIInterfaceOrientationPortrait UIInterfaceOrientationPortraitUpsideDown UIInterfaceOrientationLandscapeLeft UIInterfaceOrientationLandscapeRight";
				INFOPLIST_KEY_UISupportedInterfaceOrientations_iPhone = "UIInterfaceOrientationPortrait UIInterfaceOrientationLandscapeLeft UIInterfaceOrientationLandscapeRight";
				LD_RUNPATH_SEARCH_PATHS = (
					"$(inherited)",
					"@executable_path/Frameworks",
				);
				MARKETING_VERSION = 1.0;
				PRODUCT_BUNDLE_IDENTIFIER = com.dyf.xx.demoOfArcBlock;
				PRODUCT_NAME = "$(TARGET_NAME)";
				SWIFT_EMIT_LOC_STRINGS = YES;
				SWIFT_VERSION = 5.0;
				TARGETED_DEVICE_FAMILY = "1,2";
			};
			name = Debug;
		};
		143574732D12CA53000BAA7C /* Release */ = {
			isa = XCBuildConfiguration;
			buildSettings = {
				ASSETCATALOG_COMPILER_APPICON_NAME = AppIcon;
				ASSETCATALOG_COMPILER_GLOBAL_ACCENT_COLOR_NAME = AccentColor;
				CODE_SIGN_STYLE = Automatic;
				CURRENT_PROJECT_VERSION = 1;
				GENERATE_INFOPLIST_FILE = YES;
				INFOPLIST_FILE = demoOfArcBlock/Info.plist;
				INFOPLIST_KEY_UIApplicationSupportsIndirectInputEvents = YES;
				INFOPLIST_KEY_UILaunchStoryboardName = LaunchScreen;
				INFOPLIST_KEY_UIMainStoryboardFile = Main;
				INFOPLIST_KEY_UISupportedInterfaceOrientations_iPad = "UIInterfaceOrientationPortrait UIInterfaceOrientationPortraitUpsideDown UIInterfaceOrientationLandscapeLeft UIInterfaceOrientationLandscapeRight";
				INFOPLIST_KEY_UISupportedInterfaceOrientations_iPhone = "UIInterfaceOrientationPortrait UIInterfaceOrientationLandscapeLeft UIInterfaceOrientationLandscapeRight";
				LD_RUNPATH_SEARCH_PATHS = (
					"$(inherited)",
					"@executable_path/Frameworks",
				);
				MARKETING_VERSION = 1.0;
				PRODUCT_BUNDLE_IDENTIFIER = com.dyf.xx.demoOfArcBlock;
				PRODUCT_NAME = "$(TARGET_NAME)";
				SWIFT_EMIT_LOC_STRINGS = YES;
				SWIFT_VERSION = 5.0;
				TARGETED_DEVICE_FAMILY = "1,2";
			};
			name = Release;
		};
		143574742D12CA53000BAA7C /* Debug */ = {
			isa = XCBuildConfiguration;
			buildSettings = {
				ALWAYS_SEARCH_USER_PATHS = NO;
				ASSETCATALOG_COMPILER_GENERATE_SWIFT_ASSET_SYMBOL_EXTENSIONS = YES;
				CLANG_ANALYZER_NONNULL = YES;
				CLANG_ANALYZER_NUMBER_OBJECT_CONVERSION = YES_AGGRESSIVE;
				CLANG_CXX_LANGUAGE_STANDARD = "gnu++20";
				CLANG_ENABLE_MODULES = YES;
				CLANG_ENABLE_OBJC_ARC = YES;
				CLANG_ENABLE_OBJC_WEAK = YES;
				CLANG_WARN_BLOCK_CAPTURE_AUTORELEASING = YES;
				CLANG_WARN_BOOL_CONVERSION = YES;
				CLANG_WARN_COMMA = YES;
				CLANG_WARN_CONSTANT_CONVERSION = YES;
				CLANG_WARN_DEPRECATED_OBJC_IMPLEMENTATIONS = YES;
				CLANG_WARN_DIRECT_OBJC_ISA_USAGE = YES_ERROR;
				CLANG_WARN_DOCUMENTATION_COMMENTS = YES;
				CLANG_WARN_EMPTY_BODY = YES;
				CLANG_WARN_ENUM_CONVERSION = YES;
				CLANG_WARN_INFINITE_RECURSION = YES;
				CLANG_WARN_INT_CONVERSION = YES;
				CLANG_WARN_NON_LITERAL_NULL_CONVERSION = YES;
				CLANG_WARN_OBJC_IMPLICIT_RETAIN_SELF = YES;
				CLANG_WARN_OBJC_LITERAL_CONVERSION = YES;
				CLANG_WARN_OBJC_ROOT_CLASS = YES_ERROR;
				CLANG_WARN_QUOTED_INCLUDE_IN_FRAMEWORK_HEADER = YES;
				CLANG_WARN_RANGE_LOOP_ANALYSIS = YES;
				CLANG_WARN_STRICT_PROTOTYPES = YES;
				CLANG_WARN_SUSPICIOUS_MOVE = YES;
				CLANG_WARN_UNGUARDED_AVAILABILITY = YES_AGGRESSIVE;
				CLANG_WARN_UNREACHABLE_CODE = YES;
				CLANG_WARN__DUPLICATE_METHOD_MATCH = YES;
				COPY_PHASE_STRIP = NO;
				DEBUG_INFORMATION_FORMAT = dwarf;
				ENABLE_STRICT_OBJC_MSGSEND = YES;
				ENABLE_TESTABILITY = YES;
				ENABLE_USER_SCRIPT_SANDBOXING = YES;
				GCC_C_LANGUAGE_STANDARD = gnu17;
				GCC_DYNAMIC_NO_PIC = NO;
				GCC_NO_COMMON_BLOCKS = YES;
				GCC_OPTIMIZATION_LEVEL = 0;
				GCC_PREPROCESSOR_DEFINITIONS = (
					"DEBUG=1",
					"$(inherited)",
				);
				GCC_WARN_64_TO_32_BIT_CONVERSION = YES;
				GCC_WARN_ABOUT_RETURN_TYPE = YES_ERROR;
				GCC_WARN_UNDECLARED_SELECTOR = YES;
				GCC_WARN_UNINITIALIZED_AUTOS = YES_AGGRESSIVE;
				GCC_WARN_UNUSED_FUNCTION = YES;
				GCC_WARN_UNUSED_VARIABLE = YES;
				IPHONEOS_DEPLOYMENT_TARGET = 18.1;
				LOCALIZATION_PREFERS_STRING_CATALOGS = YES;
				MTL_ENABLE_DEBUG_INFO = INCLUDE_SOURCE;
				MTL_FAST_MATH = YES;
				ONLY_ACTIVE_ARCH = YES;
				SDKROOT = iphoneos;
				SWIFT_ACTIVE_COMPILATION_CONDITIONS = "DEBUG $(inherited)";
				SWIFT_OPTIMIZATION_LEVEL = "-Onone";
			};
			name = Debug;
		};
		143574752D12CA53000BAA7C /* Release */ = {
			isa = XCBuildConfiguration;
			buildSettings = {
				ALWAYS_SEARCH_USER_PATHS = NO;
				ASSETCATALOG_COMPILER_GENERATE_SWIFT_ASSET_SYMBOL_EXTENSIONS = YES;
				CLANG_ANALYZER_NONNULL = YES;
				CLANG_ANALYZER_NUMBER_OBJECT_CONVERSION = YES_AGGRESSIVE;
				CLANG_CXX_LANGUAGE_STANDARD = "gnu++20";
				CLANG_ENABLE_MODULES = YES;
				CLANG_ENABLE_OBJC_ARC = YES;
				CLANG_ENABLE_OBJC_WEAK = YES;
				CLANG_WARN_BLOCK_CAPTURE_AUTORELEASING = YES;
				CLANG_WARN_BOOL_CONVERSION = YES;
				CLANG_WARN_COMMA = YES;
				CLANG_WARN_CONSTANT_CONVERSION = YES;
				CLANG_WARN_DEPRECATED_OBJC_IMPLEMENTATIONS = YES;
				CLANG_WARN_DIRECT_OBJC_ISA_USAGE = YES_ERROR;
				CLANG_WARN_DOCUMENTATION_COMMENTS = YES;
				CLANG_WARN_EMPTY_BODY = YES;
				CLANG_WARN_ENUM_CONVERSION = YES;
				CLANG_WARN_INFINITE_RECURSION = YES;
				CLANG_WARN_INT_CONVERSION = YES;
				CLANG_WARN_NON_LITERAL_NULL_CONVERSION = YES;
				CLANG_WARN_OBJC_IMPLICIT_RETAIN_SELF = YES;
				CLANG_WARN_OBJC_LITERAL_CONVERSION = YES;
				CLANG_WARN_OBJC_ROOT_CLASS = YES_ERROR;
				CLANG_WARN_QUOTED_INCLUDE_IN_FRAMEWORK_HEADER = YES;
				CLANG_WARN_RANGE_LOOP_ANALYSIS = YES;
				CLANG_WARN_STRICT_PROTOTYPES = YES;
				CLANG_WARN_SUSPICIOUS_MOVE = YES;
				CLANG_WARN_UNGUARDED_AVAILABILITY = YES_AGGRESSIVE;
				CLANG_WARN_UNREACHABLE_CODE = YES;
				CLANG_WARN__DUPLICATE_METHOD_MATCH = YES;
				COPY_PHASE_STRIP = NO;
				DEBUG_INFORMATION_FORMAT = "dwarf-with-dsym";
				ENABLE_NS_ASSERTIONS = NO;
				ENABLE_STRICT_OBJC_MSGSEND = YES;
				ENABLE_USER_SCRIPT_SANDBOXING = YES;
				GCC_C_LANGUAGE_STANDARD = gnu17;
				GCC_NO_COMMON_BLOCKS = YES;
				GCC_WARN_64_TO_32_BIT_CONVERSION = YES;
				GCC_WARN_ABOUT_RETURN_TYPE = YES_ERROR;
				GCC_WARN_UNDECLARED_SELECTOR = YES;
				GCC_WARN_UNINITIALIZED_AUTOS = YES_AGGRESSIVE;
				GCC_WARN_UNUSED_FUNCTION = YES;
				GCC_WARN_UNUSED_VARIABLE = YES;
				IPHONEOS_DEPLOYMENT_TARGET = 18.1;
				LOCALIZATION_PREFERS_STRING_CATALOGS = YES;
				MTL_ENABLE_DEBUG_INFO = NO;
				MTL_FAST_MATH = YES;
				SDKROOT = iphoneos;
				SWIFT_COMPILATION_MODE = wholemodule;
				VALIDATE_PRODUCT = YES;
			};
			name = Release;
		};
		143574772D12CA53000BAA7C /* Debug */ = {
			isa = XCBuildConfiguration;
			buildSettings = {
				BUNDLE_LOADER = "$(TEST_HOST)";
				CODE_SIGN_STYLE = Automatic;
				CURRENT_PROJECT_VERSION = 1;
				GENERATE_INFOPLIST_FILE = YES;
				IPHONEOS_DEPLOYMENT_TARGET = 18.1;
				MARKETING_VERSION = 1.0;
				PRODUCT_BUNDLE_IDENTIFIER = com.dyf.xx.demoOfArcBlockTests;
				PRODUCT_NAME = "$(TARGET_NAME)";
				SWIFT_EMIT_LOC_STRINGS = NO;
				SWIFT_VERSION = 5.0;
				TARGETED_DEVICE_FAMILY = "1,2";
				TEST_HOST = "$(BUILT_PRODUCTS_DIR)/demoOfArcBlock.app/$(BUNDLE_EXECUTABLE_FOLDER_PATH)/demoOfArcBlock";
			};
			name = Debug;
		};
		143574782D12CA53000BAA7C /* Release */ = {
			isa = XCBuildConfiguration;
			buildSettings = {
				BUNDLE_LOADER = "$(TEST_HOST)";
				CODE_SIGN_STYLE = Automatic;
				CURRENT_PROJECT_VERSION = 1;
				GENERATE_INFOPLIST_FILE = YES;
				IPHONEOS_DEPLOYMENT_TARGET = 18.1;
				MARKETING_VERSION = 1.0;
				PRODUCT_BUNDLE_IDENTIFIER = com.dyf.xx.demoOfArcBlockTests;
				PRODUCT_NAME = "$(TARGET_NAME)";
				SWIFT_EMIT_LOC_STRINGS = NO;
				SWIFT_VERSION = 5.0;
				TARGETED_DEVICE_FAMILY = "1,2";
				TEST_HOST = "$(BUILT_PRODUCTS_DIR)/demoOfArcBlock.app/$(BUNDLE_EXECUTABLE_FOLDER_PATH)/demoOfArcBlock";
			};
			name = Release;
		};
		1435747A2D12CA53000BAA7C /* Debug */ = {
			isa = XCBuildConfiguration;
			buildSettings = {
				CODE_SIGN_STYLE = Automatic;
				CURRENT_PROJECT_VERSION = 1;
				GENERATE_INFOPLIST_FILE = YES;
				MARKETING_VERSION = 1.0;
				PRODUCT_BUNDLE_IDENTIFIER = com.dyf.xx.demoOfArcBlockUITests;
				PRODUCT_NAME = "$(TARGET_NAME)";
				SWIFT_EMIT_LOC_STRINGS = NO;
				SWIFT_VERSION = 5.0;
				TARGETED_DEVICE_FAMILY = "1,2";
				TEST_TARGET_NAME = demoOfArcBlock;
			};
			name = Debug;
		};
		1435747B2D12CA53000BAA7C /* Release */ = {
			isa = XCBuildConfiguration;
			buildSettings = {
				CODE_SIGN_STYLE = Automatic;
				CURRENT_PROJECT_VERSION = 1;
				GENERATE_INFOPLIST_FILE = YES;
				MARKETING_VERSION = 1.0;
				PRODUCT_BUNDLE_IDENTIFIER = com.dyf.xx.demoOfArcBlockUITests;
				PRODUCT_NAME = "$(TARGET_NAME)";
				SWIFT_EMIT_LOC_STRINGS = NO;
				SWIFT_VERSION = 5.0;
				TARGETED_DEVICE_FAMILY = "1,2";
				TEST_TARGET_NAME = demoOfArcBlock;
			};
			name = Release;
		};
/* End XCBuildConfiguration section */

/* Begin XCConfigurationList section */
		143574432D12CA51000BAA7C /* Build configuration list for PBXProject "demoOfArcBlock" */ = {
			isa = XCConfigurationList;
			buildConfigurations = (
				143574742D12CA53000BAA7C /* Debug */,
				143574752D12CA53000BAA7C /* Release */,
			);
			defaultConfigurationIsVisible = 0;
			defaultConfigurationName = Release;
		};
		143574712D12CA53000BAA7C /* Build configuration list for PBXNativeTarget "demoOfArcBlock" */ = {
			isa = XCConfigurationList;
			buildConfigurations = (
				143574722D12CA53000BAA7C /* Debug */,
				143574732D12CA53000BAA7C /* Release */,
			);
			defaultConfigurationIsVisible = 0;
			defaultConfigurationName = Release;
		};
		143574762D12CA53000BAA7C /* Build configuration list for PBXNativeTarget "demoOfArcBlockTests" */ = {
			isa = XCConfigurationList;
			buildConfigurations = (
				143574772D12CA53000BAA7C /* Debug */,
				143574782D12CA53000BAA7C /* Release */,
			);
			defaultConfigurationIsVisible = 0;
			defaultConfigurationName = Release;
		};
		143574792D12CA53000BAA7C /* Build configuration list for PBXNativeTarget "demoOfArcBlockUITests" */ = {
			isa = XCConfigurationList;
			buildConfigurations = (
				1435747A2D12CA53000BAA7C /* Debug */,
				1435747B2D12CA53000BAA7C /* Release */,
			);
			defaultConfigurationIsVisible = 0;
			defaultConfigurationName = Release;
		};
/* End XCConfigurationList section */

/* Begin XCRemoteSwiftPackageReference section */
		1443CC952D1B11AE00AA2026 /* XCRemoteSwiftPackageReference "SnapKit" */ = {
			isa = XCRemoteSwiftPackageReference;
			repositoryURL = "https://github.com/SnapKit/SnapKit.git";
			requirement = {
				kind = upToNextMajorVersion;
				minimumVersion = 5.7.1;
			};
		};
		14A7EA1A2D1A5D0500FFD3B8 /* XCRemoteSwiftPackageReference "Kingfisher" */ = {
			isa = XCRemoteSwiftPackageReference;
			repositoryURL = "https://github.com/onevcat/Kingfisher.git";
			requirement = {
				kind = upToNextMajorVersion;
				minimumVersion = 8.1.3;
			};
		};
/* End XCRemoteSwiftPackageReference section */

/* Begin XCSwiftPackageProductDependency section */
		1443CC962D1B11AE00AA2026 /* SnapKit */ = {
			isa = XCSwiftPackageProductDependency;
			package = 1443CC952D1B11AE00AA2026 /* XCRemoteSwiftPackageReference "SnapKit" */;
			productName = SnapKit;
		};
		1443CC982D1BA15100AA2026 /* Kingfisher */ = {
			isa = XCSwiftPackageProductDependency;
			package = 14A7EA1A2D1A5D0500FFD3B8 /* XCRemoteSwiftPackageReference "Kingfisher" */;
			productName = Kingfisher;
		};
/* End XCSwiftPackageProductDependency section */
	};
	rootObject = 143574402D12CA51000BAA7C /* Project object */;
}
